// !$*UTF8*$!
{
	archiveVersion = 1;
	classes = {
	};
	objectVersion = 50;
	objects = {

/* Begin PBXBuildFile section */
		0CF8500FDF4B41B800262BDC /* Pods_Social_Networking_for_Animals.framework in Frameworks */ = {isa = PBXBuildFile; fileRef = C880E62E4485305FCB618306 /* Pods_Social_Networking_for_Animals.framework */; };
		2F19AA75217FBBC30071C459 /* StoreManager.swift in Sources */ = {isa = PBXBuildFile; fileRef = 2F19AA74217FBBC30071C459 /* StoreManager.swift */; };
		2F19AA772180DA880071C459 /* FeedViewController.swift in Sources */ = {isa = PBXBuildFile; fileRef = 2F19AA762180DA880071C459 /* FeedViewController.swift */; };
		2F19AA7C218101940071C459 /* FeedCollectionViewCell.swift in Sources */ = {isa = PBXBuildFile; fileRef = 2F19AA7A218101940071C459 /* FeedCollectionViewCell.swift */; };
		2F19AA7D218101940071C459 /* FeedCollectionViewCell.xib in Resources */ = {isa = PBXBuildFile; fileRef = 2F19AA7B218101940071C459 /* FeedCollectionViewCell.xib */; };
		2F19AA7F218231ED0071C459 /* PetsViewController.swift in Sources */ = {isa = PBXBuildFile; fileRef = 2F19AA7E218231ED0071C459 /* PetsViewController.swift */; };
		2F19AA822182320C0071C459 /* PetsCollectionViewCell.swift in Sources */ = {isa = PBXBuildFile; fileRef = 2F19AA802182320C0071C459 /* PetsCollectionViewCell.swift */; };
		2F19AA832182320C0071C459 /* PetsCollectionViewCell.xib in Resources */ = {isa = PBXBuildFile; fileRef = 2F19AA812182320C0071C459 /* PetsCollectionViewCell.xib */; };
		2F2ADE0E2184BB6E00BC635D /* AddPetViewController.swift in Sources */ = {isa = PBXBuildFile; fileRef = 2F2ADE0D2184BB6E00BC635D /* AddPetViewController.swift */; };
		2F2ADE122185DC9200BC635D /* PostManager.swift in Sources */ = {isa = PBXBuildFile; fileRef = 2F2ADE112185DC9200BC635D /* PostManager.swift */; };
		2F2ADE152186255100BC635D /* LoadingCollectionViewCell.swift in Sources */ = {isa = PBXBuildFile; fileRef = 2F2ADE132186255100BC635D /* LoadingCollectionViewCell.swift */; };
		2F2ADE162186255100BC635D /* LoadingCollectionViewCell.xib in Resources */ = {isa = PBXBuildFile; fileRef = 2F2ADE142186255100BC635D /* LoadingCollectionViewCell.xib */; };
		2F2ADE182186C4B100BC635D /* DetailsViewController.swift in Sources */ = {isa = PBXBuildFile; fileRef = 2F2ADE172186C4B100BC635D /* DetailsViewController.swift */; };
		2F2ADE1A2186D70500BC635D /* PreviewViewController.swift in Sources */ = {isa = PBXBuildFile; fileRef = 2F2ADE192186D70500BC635D /* PreviewViewController.swift */; };
		2F2ADE1D2186F00800BC635D /* SampleNotificationDelegate.swift in Sources */ = {isa = PBXBuildFile; fileRef = 2F2ADE1C2186F00800BC635D /* SampleNotificationDelegate.swift */; };
		2F2ADE252186F13000BC635D /* NotificationService.swift in Sources */ = {isa = PBXBuildFile; fileRef = 2F2ADE242186F13000BC635D /* NotificationService.swift */; };
		2F2ADE292186F13000BC635D /* Service.appex in Embed App Extensions */ = {isa = PBXBuildFile; fileRef = 2F2ADE222186F13000BC635D /* Service.appex */; settings = {ATTRIBUTES = (RemoveHeadersOnCopy, ); }; };
		2F2ADE342186F37D00BC635D /* UserNotifications.framework in Frameworks */ = {isa = PBXBuildFile; fileRef = 2F2ADE332186F37D00BC635D /* UserNotifications.framework */; };
		2F2ADE362186F37D00BC635D /* UserNotificationsUI.framework in Frameworks */ = {isa = PBXBuildFile; fileRef = 2F2ADE352186F37D00BC635D /* UserNotificationsUI.framework */; };
		2F2ADE392186F37D00BC635D /* NotificationViewController.swift in Sources */ = {isa = PBXBuildFile; fileRef = 2F2ADE382186F37D00BC635D /* NotificationViewController.swift */; };
		2F2ADE3C2186F37E00BC635D /* MainInterface.storyboard in Resources */ = {isa = PBXBuildFile; fileRef = 2F2ADE3A2186F37E00BC635D /* MainInterface.storyboard */; };
		2F2ADE402186F37E00BC635D /* Content.appex in Embed App Extensions */ = {isa = PBXBuildFile; fileRef = 2F2ADE322186F37D00BC635D /* Content.appex */; settings = {ATTRIBUTES = (RemoveHeadersOnCopy, ); }; };
		2F36AC6A217DF08E00CA1164 /* APIManager.swift in Sources */ = {isa = PBXBuildFile; fileRef = 2F36AC69217DF08E00CA1164 /* APIManager.swift */; };
		2F36AC6C217DF0E600CA1164 /* Estruturas.swift in Sources */ = {isa = PBXBuildFile; fileRef = 2F36AC6B217DF0E600CA1164 /* Estruturas.swift */; };
		2F54EB0A217757AB00B62E3E /* AppDelegate.swift in Sources */ = {isa = PBXBuildFile; fileRef = 2F54EB09217757AB00B62E3E /* AppDelegate.swift */; };
		2F54EB0C217757AB00B62E3E /* ViewController.swift in Sources */ = {isa = PBXBuildFile; fileRef = 2F54EB0B217757AB00B62E3E /* ViewController.swift */; };
		2F54EB0F217757AB00B62E3E /* Main.storyboard in Resources */ = {isa = PBXBuildFile; fileRef = 2F54EB0D217757AB00B62E3E /* Main.storyboard */; };
		2F54EB12217757AB00B62E3E /* Social_Networking_for_Animals.xcdatamodeld in Sources */ = {isa = PBXBuildFile; fileRef = 2F54EB10217757AB00B62E3E /* Social_Networking_for_Animals.xcdatamodeld */; };
		2F54EB14217757AE00B62E3E /* Assets.xcassets in Resources */ = {isa = PBXBuildFile; fileRef = 2F54EB13217757AE00B62E3E /* Assets.xcassets */; };
		2F54EB17217757AE00B62E3E /* LaunchScreen.storyboard in Resources */ = {isa = PBXBuildFile; fileRef = 2F54EB15217757AE00B62E3E /* LaunchScreen.storyboard */; };
		2F54EB23217762E900B62E3E /* IntroViewController.swift in Sources */ = {isa = PBXBuildFile; fileRef = 2F54EB22217762E900B62E3E /* IntroViewController.swift */; };
		2F54EB26217772B200B62E3E /* LoginViewController.swift in Sources */ = {isa = PBXBuildFile; fileRef = 2F54EB25217772B200B62E3E /* LoginViewController.swift */; };
		2F54EB2D2178ADA700B62E3E /* TakePictureViewController.swift in Sources */ = {isa = PBXBuildFile; fileRef = 2F54EB2C2178ADA700B62E3E /* TakePictureViewController.swift */; };
		2F54EB2F2178B06B00B62E3E /* CameraHanndler.swift in Sources */ = {isa = PBXBuildFile; fileRef = 2F54EB2E2178B06B00B62E3E /* CameraHanndler.swift */; };
		2F54EB3221792B9400B62E3E /* TopShelfCollectionViewCell.swift in Sources */ = {isa = PBXBuildFile; fileRef = 2F54EB3021792B9400B62E3E /* TopShelfCollectionViewCell.swift */; };
		2F54EB3321792B9400B62E3E /* TopShelfCollectionViewCell.xib in Resources */ = {isa = PBXBuildFile; fileRef = 2F54EB3121792B9400B62E3E /* TopShelfCollectionViewCell.xib */; };
		2F54EB3521792E0E00B62E3E /* SearchViewController.swift in Sources */ = {isa = PBXBuildFile; fileRef = 2F54EB3421792E0E00B62E3E /* SearchViewController.swift */; };
		2FB31218217E52230004F9A4 /* TopShelfCollection.swift in Sources */ = {isa = PBXBuildFile; fileRef = 2FB31217217E52230004F9A4 /* TopShelfCollection.swift */; };
		2FB3121A217E53820004F9A4 /* BottomCollection.swift in Sources */ = {isa = PBXBuildFile; fileRef = 2FB31219217E53820004F9A4 /* BottomCollection.swift */; };
		2FB3121D217E5B6E0004F9A4 /* BottonCollectionViewCell.swift in Sources */ = {isa = PBXBuildFile; fileRef = 2FB3121B217E5B6E0004F9A4 /* BottonCollectionViewCell.swift */; };
		2FB3121E217E5B6E0004F9A4 /* BottonCollectionViewCell.xib in Resources */ = {isa = PBXBuildFile; fileRef = 2FB3121C217E5B6E0004F9A4 /* BottonCollectionViewCell.xib */; };
		2FB31222217F594E0004F9A4 /* DesignableUITextField.swift in Sources */ = {isa = PBXBuildFile; fileRef = 2FB31221217F594E0004F9A4 /* DesignableUITextField.swift */; };
		2FB31224217F93F60004F9A4 /* LoginManager.swift in Sources */ = {isa = PBXBuildFile; fileRef = 2FB31223217F93F60004F9A4 /* LoginManager.swift */; };
		2FB31226217F94610004F9A4 /* DataManager.swift in Sources */ = {isa = PBXBuildFile; fileRef = 2FB31225217F94610004F9A4 /* DataManager.swift */; };
		2FB31228217F959C0004F9A4 /* RegisterManager.swift in Sources */ = {isa = PBXBuildFile; fileRef = 2FB31227217F959C0004F9A4 /* RegisterManager.swift */; };
		2FB3122A217F976C0004F9A4 /* RegisterAccountViewController.swift in Sources */ = {isa = PBXBuildFile; fileRef = 2FB31229217F976C0004F9A4 /* RegisterAccountViewController.swift */; };
/* End PBXBuildFile section */

/* Begin PBXContainerItemProxy section */
		2F2ADE272186F13000BC635D /* PBXContainerItemProxy */ = {
			isa = PBXContainerItemProxy;
			containerPortal = 2F54EAFE217757AB00B62E3E /* Project object */;
			proxyType = 1;
			remoteGlobalIDString = 2F2ADE212186F13000BC635D;
			remoteInfo = Service;
		};
		2F2ADE3E2186F37E00BC635D /* PBXContainerItemProxy */ = {
			isa = PBXContainerItemProxy;
			containerPortal = 2F54EAFE217757AB00B62E3E /* Project object */;
			proxyType = 1;
			remoteGlobalIDString = 2F2ADE312186F37D00BC635D;
			remoteInfo = Content;
		};
/* End PBXContainerItemProxy section */

/* Begin PBXCopyFilesBuildPhase section */
		2F2ADE2D2186F13000BC635D /* Embed App Extensions */ = {
			isa = PBXCopyFilesBuildPhase;
			buildActionMask = 2147483647;
			dstPath = "";
			dstSubfolderSpec = 13;
			files = (
				2F2ADE402186F37E00BC635D /* Content.appex in Embed App Extensions */,
				2F2ADE292186F13000BC635D /* Service.appex in Embed App Extensions */,
			);
			name = "Embed App Extensions";
			runOnlyForDeploymentPostprocessing = 0;
		};
/* End PBXCopyFilesBuildPhase section */

/* Begin PBXFileReference section */
		121BB5E8ED84D0493F2A01F7 /* Pods-Social Networking for Animals.debug.xcconfig */ = {isa = PBXFileReference; includeInIndex = 1; lastKnownFileType = text.xcconfig; name = "Pods-Social Networking for Animals.debug.xcconfig"; path = "Pods/Target Support Files/Pods-Social Networking for Animals/Pods-Social Networking for Animals.debug.xcconfig"; sourceTree = "<group>"; };
		2F19AA74217FBBC30071C459 /* StoreManager.swift */ = {isa = PBXFileReference; lastKnownFileType = sourcecode.swift; path = StoreManager.swift; sourceTree = "<group>"; };
		2F19AA762180DA880071C459 /* FeedViewController.swift */ = {isa = PBXFileReference; lastKnownFileType = sourcecode.swift; path = FeedViewController.swift; sourceTree = "<group>"; };
		2F19AA7A218101940071C459 /* FeedCollectionViewCell.swift */ = {isa = PBXFileReference; lastKnownFileType = sourcecode.swift; path = FeedCollectionViewCell.swift; sourceTree = "<group>"; };
		2F19AA7B218101940071C459 /* FeedCollectionViewCell.xib */ = {isa = PBXFileReference; lastKnownFileType = file.xib; path = FeedCollectionViewCell.xib; sourceTree = "<group>"; };
		2F19AA7E218231ED0071C459 /* PetsViewController.swift */ = {isa = PBXFileReference; lastKnownFileType = sourcecode.swift; path = PetsViewController.swift; sourceTree = "<group>"; };
		2F19AA802182320C0071C459 /* PetsCollectionViewCell.swift */ = {isa = PBXFileReference; lastKnownFileType = sourcecode.swift; path = PetsCollectionViewCell.swift; sourceTree = "<group>"; };
		2F19AA812182320C0071C459 /* PetsCollectionViewCell.xib */ = {isa = PBXFileReference; lastKnownFileType = file.xib; path = PetsCollectionViewCell.xib; sourceTree = "<group>"; };
		2F2ADE0D2184BB6E00BC635D /* AddPetViewController.swift */ = {isa = PBXFileReference; lastKnownFileType = sourcecode.swift; path = AddPetViewController.swift; sourceTree = "<group>"; };
		2F2ADE112185DC9200BC635D /* PostManager.swift */ = {isa = PBXFileReference; lastKnownFileType = sourcecode.swift; path = PostManager.swift; sourceTree = "<group>"; };
		2F2ADE132186255100BC635D /* LoadingCollectionViewCell.swift */ = {isa = PBXFileReference; lastKnownFileType = sourcecode.swift; path = LoadingCollectionViewCell.swift; sourceTree = "<group>"; };
		2F2ADE142186255100BC635D /* LoadingCollectionViewCell.xib */ = {isa = PBXFileReference; lastKnownFileType = file.xib; path = LoadingCollectionViewCell.xib; sourceTree = "<group>"; };
		2F2ADE172186C4B100BC635D /* DetailsViewController.swift */ = {isa = PBXFileReference; lastKnownFileType = sourcecode.swift; path = DetailsViewController.swift; sourceTree = "<group>"; };
		2F2ADE192186D70500BC635D /* PreviewViewController.swift */ = {isa = PBXFileReference; lastKnownFileType = sourcecode.swift; path = PreviewViewController.swift; sourceTree = "<group>"; };
		2F2ADE1B2186E02B00BC635D /* Social Networking for Animals.entitlements */ = {isa = PBXFileReference; lastKnownFileType = text.plist.entitlements; path = "Social Networking for Animals.entitlements"; sourceTree = "<group>"; };
		2F2ADE1C2186F00800BC635D /* SampleNotificationDelegate.swift */ = {isa = PBXFileReference; lastKnownFileType = sourcecode.swift; path = SampleNotificationDelegate.swift; sourceTree = "<group>"; };
		2F2ADE222186F13000BC635D /* Service.appex */ = {isa = PBXFileReference; explicitFileType = "wrapper.app-extension"; includeInIndex = 0; path = Service.appex; sourceTree = BUILT_PRODUCTS_DIR; };
		2F2ADE242186F13000BC635D /* NotificationService.swift */ = {isa = PBXFileReference; lastKnownFileType = sourcecode.swift; path = NotificationService.swift; sourceTree = "<group>"; };
		2F2ADE262186F13000BC635D /* Info.plist */ = {isa = PBXFileReference; lastKnownFileType = text.plist.xml; path = Info.plist; sourceTree = "<group>"; };
		2F2ADE322186F37D00BC635D /* Content.appex */ = {isa = PBXFileReference; explicitFileType = "wrapper.app-extension"; includeInIndex = 0; path = Content.appex; sourceTree = BUILT_PRODUCTS_DIR; };
		2F2ADE332186F37D00BC635D /* UserNotifications.framework */ = {isa = PBXFileReference; lastKnownFileType = wrapper.framework; name = UserNotifications.framework; path = System/Library/Frameworks/UserNotifications.framework; sourceTree = SDKROOT; };
		2F2ADE352186F37D00BC635D /* UserNotificationsUI.framework */ = {isa = PBXFileReference; lastKnownFileType = wrapper.framework; name = UserNotificationsUI.framework; path = System/Library/Frameworks/UserNotificationsUI.framework; sourceTree = SDKROOT; };
		2F2ADE382186F37D00BC635D /* NotificationViewController.swift */ = {isa = PBXFileReference; lastKnownFileType = sourcecode.swift; path = NotificationViewController.swift; sourceTree = "<group>"; };
		2F2ADE3B2186F37E00BC635D /* Base */ = {isa = PBXFileReference; lastKnownFileType = file.storyboard; name = Base; path = Base.lproj/MainInterface.storyboard; sourceTree = "<group>"; };
		2F2ADE3D2186F37E00BC635D /* Info.plist */ = {isa = PBXFileReference; lastKnownFileType = text.plist.xml; path = Info.plist; sourceTree = "<group>"; };
		2F36AC69217DF08E00CA1164 /* APIManager.swift */ = {isa = PBXFileReference; lastKnownFileType = sourcecode.swift; path = APIManager.swift; sourceTree = "<group>"; };
		2F36AC6B217DF0E600CA1164 /* Estruturas.swift */ = {isa = PBXFileReference; lastKnownFileType = sourcecode.swift; path = Estruturas.swift; sourceTree = "<group>"; };
		2F54EB06217757AB00B62E3E /* Social Networking for Animals.app */ = {isa = PBXFileReference; explicitFileType = wrapper.application; includeInIndex = 0; path = "Social Networking for Animals.app"; sourceTree = BUILT_PRODUCTS_DIR; };
		2F54EB09217757AB00B62E3E /* AppDelegate.swift */ = {isa = PBXFileReference; lastKnownFileType = sourcecode.swift; path = AppDelegate.swift; sourceTree = "<group>"; };
		2F54EB0B217757AB00B62E3E /* ViewController.swift */ = {isa = PBXFileReference; lastKnownFileType = sourcecode.swift; path = ViewController.swift; sourceTree = "<group>"; };
		2F54EB0E217757AB00B62E3E /* Base */ = {isa = PBXFileReference; lastKnownFileType = file.storyboard; name = Base; path = Base.lproj/Main.storyboard; sourceTree = "<group>"; };
		2F54EB11217757AB00B62E3E /* Social_Networking_for_Animals.xcdatamodel */ = {isa = PBXFileReference; lastKnownFileType = wrapper.xcdatamodel; path = Social_Networking_for_Animals.xcdatamodel; sourceTree = "<group>"; };
		2F54EB13217757AE00B62E3E /* Assets.xcassets */ = {isa = PBXFileReference; lastKnownFileType = folder.assetcatalog; path = Assets.xcassets; sourceTree = "<group>"; };
		2F54EB16217757AE00B62E3E /* Base */ = {isa = PBXFileReference; lastKnownFileType = file.storyboard; name = Base; path = Base.lproj/LaunchScreen.storyboard; sourceTree = "<group>"; };
		2F54EB18217757AE00B62E3E /* Info.plist */ = {isa = PBXFileReference; lastKnownFileType = text.plist.xml; path = Info.plist; sourceTree = "<group>"; };
		2F54EB22217762E900B62E3E /* IntroViewController.swift */ = {isa = PBXFileReference; lastKnownFileType = sourcecode.swift; path = IntroViewController.swift; sourceTree = "<group>"; };
		2F54EB25217772B200B62E3E /* LoginViewController.swift */ = {isa = PBXFileReference; lastKnownFileType = sourcecode.swift; path = LoginViewController.swift; sourceTree = "<group>"; };
		2F54EB2C2178ADA700B62E3E /* TakePictureViewController.swift */ = {isa = PBXFileReference; lastKnownFileType = sourcecode.swift; path = TakePictureViewController.swift; sourceTree = "<group>"; };
		2F54EB2E2178B06B00B62E3E /* CameraHanndler.swift */ = {isa = PBXFileReference; lastKnownFileType = sourcecode.swift; path = CameraHanndler.swift; sourceTree = "<group>"; };
		2F54EB3021792B9400B62E3E /* TopShelfCollectionViewCell.swift */ = {isa = PBXFileReference; lastKnownFileType = sourcecode.swift; path = TopShelfCollectionViewCell.swift; sourceTree = "<group>"; };
		2F54EB3121792B9400B62E3E /* TopShelfCollectionViewCell.xib */ = {isa = PBXFileReference; lastKnownFileType = file.xib; path = TopShelfCollectionViewCell.xib; sourceTree = "<group>"; };
		2F54EB3421792E0E00B62E3E /* SearchViewController.swift */ = {isa = PBXFileReference; lastKnownFileType = sourcecode.swift; path = SearchViewController.swift; sourceTree = "<group>"; };
		2FB31217217E52230004F9A4 /* TopShelfCollection.swift */ = {isa = PBXFileReference; lastKnownFileType = sourcecode.swift; path = TopShelfCollection.swift; sourceTree = "<group>"; };
		2FB31219217E53820004F9A4 /* BottomCollection.swift */ = {isa = PBXFileReference; lastKnownFileType = sourcecode.swift; path = BottomCollection.swift; sourceTree = "<group>"; };
		2FB3121B217E5B6E0004F9A4 /* BottonCollectionViewCell.swift */ = {isa = PBXFileReference; lastKnownFileType = sourcecode.swift; path = BottonCollectionViewCell.swift; sourceTree = "<group>"; };
		2FB3121C217E5B6E0004F9A4 /* BottonCollectionViewCell.xib */ = {isa = PBXFileReference; lastKnownFileType = file.xib; path = BottonCollectionViewCell.xib; sourceTree = "<group>"; };
		2FB31221217F594E0004F9A4 /* DesignableUITextField.swift */ = {isa = PBXFileReference; lastKnownFileType = sourcecode.swift; path = DesignableUITextField.swift; sourceTree = "<group>"; };
		2FB31223217F93F60004F9A4 /* LoginManager.swift */ = {isa = PBXFileReference; lastKnownFileType = sourcecode.swift; path = LoginManager.swift; sourceTree = "<group>"; };
		2FB31225217F94610004F9A4 /* DataManager.swift */ = {isa = PBXFileReference; lastKnownFileType = sourcecode.swift; path = DataManager.swift; sourceTree = "<group>"; };
		2FB31227217F959C0004F9A4 /* RegisterManager.swift */ = {isa = PBXFileReference; lastKnownFileType = sourcecode.swift; path = RegisterManager.swift; sourceTree = "<group>"; };
		2FB31229217F976C0004F9A4 /* RegisterAccountViewController.swift */ = {isa = PBXFileReference; lastKnownFileType = sourcecode.swift; path = RegisterAccountViewController.swift; sourceTree = "<group>"; };
		44CF88BAB41A6A7437799F09 /* Pods-Social Networking for Animals.release.xcconfig */ = {isa = PBXFileReference; includeInIndex = 1; lastKnownFileType = text.xcconfig; name = "Pods-Social Networking for Animals.release.xcconfig"; path = "Pods/Target Support Files/Pods-Social Networking for Animals/Pods-Social Networking for Animals.release.xcconfig"; sourceTree = "<group>"; };
		C880E62E4485305FCB618306 /* Pods_Social_Networking_for_Animals.framework */ = {isa = PBXFileReference; explicitFileType = wrapper.framework; includeInIndex = 0; path = Pods_Social_Networking_for_Animals.framework; sourceTree = BUILT_PRODUCTS_DIR; };
/* End PBXFileReference section */

/* Begin PBXFrameworksBuildPhase section */
		2F2ADE1F2186F13000BC635D /* Frameworks */ = {
			isa = PBXFrameworksBuildPhase;
			buildActionMask = 2147483647;
			files = (
			);
			runOnlyForDeploymentPostprocessing = 0;
		};
		2F2ADE2F2186F37D00BC635D /* Frameworks */ = {
			isa = PBXFrameworksBuildPhase;
			buildActionMask = 2147483647;
			files = (
				2F2ADE362186F37D00BC635D /* UserNotificationsUI.framework in Frameworks */,
				2F2ADE342186F37D00BC635D /* UserNotifications.framework in Frameworks */,
			);
			runOnlyForDeploymentPostprocessing = 0;
		};
		2F54EB03217757AB00B62E3E /* Frameworks */ = {
			isa = PBXFrameworksBuildPhase;
			buildActionMask = 2147483647;
			files = (
				0CF8500FDF4B41B800262BDC /* Pods_Social_Networking_for_Animals.framework in Frameworks */,
			);
			runOnlyForDeploymentPostprocessing = 0;
		};
/* End PBXFrameworksBuildPhase section */

/* Begin PBXGroup section */
		2F2ADE232186F13000BC635D /* Service */ = {
			isa = PBXGroup;
			children = (
				2F2ADE242186F13000BC635D /* NotificationService.swift */,
				2F2ADE262186F13000BC635D /* Info.plist */,
			);
			path = Service;
			sourceTree = "<group>";
		};
		2F2ADE372186F37D00BC635D /* Content */ = {
			isa = PBXGroup;
			children = (
				2F2ADE382186F37D00BC635D /* NotificationViewController.swift */,
				2F2ADE3A2186F37E00BC635D /* MainInterface.storyboard */,
				2F2ADE3D2186F37E00BC635D /* Info.plist */,
			);
			path = Content;
			sourceTree = "<group>";
		};
		2F54EAFD217757AB00B62E3E = {
			isa = PBXGroup;
			children = (
				2F54EB08217757AB00B62E3E /* Social Networking for Animals */,
				2F2ADE232186F13000BC635D /* Service */,
				2F2ADE372186F37D00BC635D /* Content */,
				2F54EB07217757AB00B62E3E /* Products */,
				F0A95C5945C2F997A6027313 /* Pods */,
				582280BB83A83E5DF2B2A49E /* Frameworks */,
			);
			sourceTree = "<group>";
		};
		2F54EB07217757AB00B62E3E /* Products */ = {
			isa = PBXGroup;
			children = (
				2F54EB06217757AB00B62E3E /* Social Networking for Animals.app */,
				2F2ADE222186F13000BC635D /* Service.appex */,
				2F2ADE322186F37D00BC635D /* Content.appex */,
			);
			name = Products;
			sourceTree = "<group>";
		};
		2F54EB08217757AB00B62E3E /* Social Networking for Animals */ = {
			isa = PBXGroup;
			children = (
				2F2ADE1B2186E02B00BC635D /* Social Networking for Animals.entitlements */,
				2F54EB20217757FD00B62E3E /* Tables and Collections Controllers */,
				2F54EB1F217757EC00B62E3E /* Funcionalities */,
				2F54EB1E217757D700B62E3E /* Model */,
				2F54EB09217757AB00B62E3E /* AppDelegate.swift */,
				2F54EB0B217757AB00B62E3E /* ViewController.swift */,
				2F54EB0D217757AB00B62E3E /* Main.storyboard */,
				2F54EB13217757AE00B62E3E /* Assets.xcassets */,
				2F54EB15217757AE00B62E3E /* LaunchScreen.storyboard */,
				2F54EB18217757AE00B62E3E /* Info.plist */,
				2F54EB10217757AB00B62E3E /* Social_Networking_for_Animals.xcdatamodeld */,
			);
			path = "Social Networking for Animals";
			sourceTree = "<group>";
		};
		2F54EB1E217757D700B62E3E /* Model */ = {
			isa = PBXGroup;
			children = (
				2F54EB2E2178B06B00B62E3E /* CameraHanndler.swift */,
				2F36AC69217DF08E00CA1164 /* APIManager.swift */,
				2F36AC6B217DF0E600CA1164 /* Estruturas.swift */,
				2FB31223217F93F60004F9A4 /* LoginManager.swift */,
				2FB31225217F94610004F9A4 /* DataManager.swift */,
				2FB31227217F959C0004F9A4 /* RegisterManager.swift */,
				2F19AA74217FBBC30071C459 /* StoreManager.swift */,
				2F2ADE112185DC9200BC635D /* PostManager.swift */,
				2F2ADE1C2186F00800BC635D /* SampleNotificationDelegate.swift */,
			);
			path = Model;
			sourceTree = "<group>";
		};
		2F54EB1F217757EC00B62E3E /* Funcionalities */ = {
			isa = PBXGroup;
			children = (
				2F54EB2B2178AD7100B62E3E /* Pets */,
				2F54EB2A2178AD6900B62E3E /* Picture */,
				2F54EB292178AD5D00B62E3E /* Search */,
				2F54EB282178AD5300B62E3E /* Feed */,
				2F54EB272178AD4A00B62E3E /* Perfil */,
				2F54EB24217771D500B62E3E /* Login and Register */,
				2F54EB21217762B500B62E3E /* Intro */,
			);
			path = Funcionalities;
			sourceTree = "<group>";
		};
		2F54EB20217757FD00B62E3E /* Tables and Collections Controllers */ = {
			isa = PBXGroup;
			children = (
			);
			path = "Tables and Collections Controllers";
			sourceTree = "<group>";
		};
		2F54EB21217762B500B62E3E /* Intro */ = {
			isa = PBXGroup;
			children = (
				2F54EB22217762E900B62E3E /* IntroViewController.swift */,
			);
			path = Intro;
			sourceTree = "<group>";
		};
		2F54EB24217771D500B62E3E /* Login and Register */ = {
			isa = PBXGroup;
			children = (
				2F54EB25217772B200B62E3E /* LoginViewController.swift */,
				2FB31221217F594E0004F9A4 /* DesignableUITextField.swift */,
				2FB31229217F976C0004F9A4 /* RegisterAccountViewController.swift */,
			);
			path = "Login and Register";
			sourceTree = "<group>";
		};
		2F54EB272178AD4A00B62E3E /* Perfil */ = {
			isa = PBXGroup;
			children = (
			);
			path = Perfil;
			sourceTree = "<group>";
		};
		2F54EB282178AD5300B62E3E /* Feed */ = {
			isa = PBXGroup;
			children = (
				2F19AA762180DA880071C459 /* FeedViewController.swift */,
				2F19AA7A218101940071C459 /* FeedCollectionViewCell.swift */,
				2F19AA7B218101940071C459 /* FeedCollectionViewCell.xib */,
				2F2ADE132186255100BC635D /* LoadingCollectionViewCell.swift */,
				2F2ADE142186255100BC635D /* LoadingCollectionViewCell.xib */,
			);
			path = Feed;
			sourceTree = "<group>";
		};
		2F54EB292178AD5D00B62E3E /* Search */ = {
			isa = PBXGroup;
			children = (
				2FB31217217E52230004F9A4 /* TopShelfCollection.swift */,
				2F54EB3021792B9400B62E3E /* TopShelfCollectionViewCell.swift */,
				2F54EB3121792B9400B62E3E /* TopShelfCollectionViewCell.xib */,
				2F54EB3421792E0E00B62E3E /* SearchViewController.swift */,
				2FB31219217E53820004F9A4 /* BottomCollection.swift */,
				2FB3121B217E5B6E0004F9A4 /* BottonCollectionViewCell.swift */,
				2FB3121C217E5B6E0004F9A4 /* BottonCollectionViewCell.xib */,
				2F2ADE172186C4B100BC635D /* DetailsViewController.swift */,
				2F2ADE192186D70500BC635D /* PreviewViewController.swift */,
			);
			path = Search;
			sourceTree = "<group>";
		};
		2F54EB2A2178AD6900B62E3E /* Picture */ = {
			isa = PBXGroup;
			children = (
				2F54EB2C2178ADA700B62E3E /* TakePictureViewController.swift */,
			);
			path = Picture;
			sourceTree = "<group>";
		};
		2F54EB2B2178AD7100B62E3E /* Pets */ = {
			isa = PBXGroup;
			children = (
				2F19AA7E218231ED0071C459 /* PetsViewController.swift */,
				2F19AA802182320C0071C459 /* PetsCollectionViewCell.swift */,
				2F19AA812182320C0071C459 /* PetsCollectionViewCell.xib */,
				2F2ADE0D2184BB6E00BC635D /* AddPetViewController.swift */,
			);
			path = Pets;
			sourceTree = "<group>";
		};
		582280BB83A83E5DF2B2A49E /* Frameworks */ = {
			isa = PBXGroup;
			children = (
				C880E62E4485305FCB618306 /* Pods_Social_Networking_for_Animals.framework */,
				2F2ADE332186F37D00BC635D /* UserNotifications.framework */,
				2F2ADE352186F37D00BC635D /* UserNotificationsUI.framework */,
			);
			name = Frameworks;
			sourceTree = "<group>";
		};
		F0A95C5945C2F997A6027313 /* Pods */ = {
			isa = PBXGroup;
			children = (
				121BB5E8ED84D0493F2A01F7 /* Pods-Social Networking for Animals.debug.xcconfig */,
				44CF88BAB41A6A7437799F09 /* Pods-Social Networking for Animals.release.xcconfig */,
			);
			name = Pods;
			sourceTree = "<group>";
		};
/* End PBXGroup section */

/* Begin PBXNativeTarget section */
		2F2ADE212186F13000BC635D /* Service */ = {
			isa = PBXNativeTarget;
			buildConfigurationList = 2F2ADE2A2186F13000BC635D /* Build configuration list for PBXNativeTarget "Service" */;
			buildPhases = (
				2F2ADE1E2186F13000BC635D /* Sources */,
				2F2ADE1F2186F13000BC635D /* Frameworks */,
				2F2ADE202186F13000BC635D /* Resources */,
			);
			buildRules = (
			);
			dependencies = (
			);
			name = Service;
			productName = Service;
			productReference = 2F2ADE222186F13000BC635D /* Service.appex */;
			productType = "com.apple.product-type.app-extension";
		};
		2F2ADE312186F37D00BC635D /* Content */ = {
			isa = PBXNativeTarget;
			buildConfigurationList = 2F2ADE412186F37E00BC635D /* Build configuration list for PBXNativeTarget "Content" */;
			buildPhases = (
				2F2ADE2E2186F37D00BC635D /* Sources */,
				2F2ADE2F2186F37D00BC635D /* Frameworks */,
				2F2ADE302186F37D00BC635D /* Resources */,
			);
			buildRules = (
			);
			dependencies = (
			);
			name = Content;
			productName = Content;
			productReference = 2F2ADE322186F37D00BC635D /* Content.appex */;
			productType = "com.apple.product-type.app-extension";
		};
		2F54EB05217757AB00B62E3E /* Social Networking for Animals */ = {
			isa = PBXNativeTarget;
			buildConfigurationList = 2F54EB1B217757AE00B62E3E /* Build configuration list for PBXNativeTarget "Social Networking for Animals" */;
			buildPhases = (
				A09D6FEDCE95A9AE126AF510 /* [CP] Check Pods Manifest.lock */,
				2F54EB02217757AB00B62E3E /* Sources */,
				2F54EB03217757AB00B62E3E /* Frameworks */,
				2F54EB04217757AB00B62E3E /* Resources */,
				41EF3F2F3A7C695BE4C459B6 /* [CP] Embed Pods Frameworks */,
				2F2ADE2D2186F13000BC635D /* Embed App Extensions */,
			);
			buildRules = (
			);
			dependencies = (
				2F2ADE282186F13000BC635D /* PBXTargetDependency */,
				2F2ADE3F2186F37E00BC635D /* PBXTargetDependency */,
			);
			name = "Social Networking for Animals";
			productName = "Social Networking for Animals";
			productReference = 2F54EB06217757AB00B62E3E /* Social Networking for Animals.app */;
			productType = "com.apple.product-type.application";
		};
/* End PBXNativeTarget section */

/* Begin PBXProject section */
		2F54EAFE217757AB00B62E3E /* Project object */ = {
			isa = PBXProject;
			attributes = {
				LastSwiftUpdateCheck = 1000;
				LastUpgradeCheck = 1000;
				ORGANIZATIONNAME = "Paloma Bispo";
				TargetAttributes = {
					2F2ADE212186F13000BC635D = {
						CreatedOnToolsVersion = 10.0;
					};
					2F2ADE312186F37D00BC635D = {
						CreatedOnToolsVersion = 10.0;
					};
					2F54EB05217757AB00B62E3E = {
						CreatedOnToolsVersion = 10.0;
						SystemCapabilities = {
							com.apple.Push = {
								enabled = 1;
							};
						};
					};
				};
			};
			buildConfigurationList = 2F54EB01217757AB00B62E3E /* Build configuration list for PBXProject "Social Networking for Animals" */;
			compatibilityVersion = "Xcode 9.3";
			developmentRegion = en;
			hasScannedForEncodings = 0;
			knownRegions = (
				en,
				Base,
			);
			mainGroup = 2F54EAFD217757AB00B62E3E;
			productRefGroup = 2F54EB07217757AB00B62E3E /* Products */;
			projectDirPath = "";
			projectRoot = "";
			targets = (
				2F54EB05217757AB00B62E3E /* Social Networking for Animals */,
				2F2ADE212186F13000BC635D /* Service */,
				2F2ADE312186F37D00BC635D /* Content */,
			);
		};
/* End PBXProject section */

/* Begin PBXResourcesBuildPhase section */
		2F2ADE202186F13000BC635D /* Resources */ = {
			isa = PBXResourcesBuildPhase;
			buildActionMask = 2147483647;
			files = (
			);
			runOnlyForDeploymentPostprocessing = 0;
		};
		2F2ADE302186F37D00BC635D /* Resources */ = {
			isa = PBXResourcesBuildPhase;
			buildActionMask = 2147483647;
			files = (
				2F2ADE3C2186F37E00BC635D /* MainInterface.storyboard in Resources */,
			);
			runOnlyForDeploymentPostprocessing = 0;
		};
		2F54EB04217757AB00B62E3E /* Resources */ = {
			isa = PBXResourcesBuildPhase;
			buildActionMask = 2147483647;
			files = (
				2F54EB17217757AE00B62E3E /* LaunchScreen.storyboard in Resources */,
				2F54EB3321792B9400B62E3E /* TopShelfCollectionViewCell.xib in Resources */,
				2FB3121E217E5B6E0004F9A4 /* BottonCollectionViewCell.xib in Resources */,
				2F2ADE162186255100BC635D /* LoadingCollectionViewCell.xib in Resources */,
				2F19AA832182320C0071C459 /* PetsCollectionViewCell.xib in Resources */,
				2F54EB14217757AE00B62E3E /* Assets.xcassets in Resources */,
				2F19AA7D218101940071C459 /* FeedCollectionViewCell.xib in Resources */,
				2F54EB0F217757AB00B62E3E /* Main.storyboard in Resources */,
			);
			runOnlyForDeploymentPostprocessing = 0;
		};
/* End PBXResourcesBuildPhase section */

/* Begin PBXShellScriptBuildPhase section */
		41EF3F2F3A7C695BE4C459B6 /* [CP] Embed Pods Frameworks */ = {
			isa = PBXShellScriptBuildPhase;
			buildActionMask = 2147483647;
			files = (
			);
			inputFileListPaths = (
			);
			inputPaths = (
				"${SRCROOT}/Pods/Target Support Files/Pods-Social Networking for Animals/Pods-Social Networking for Animals-frameworks.sh",
				"${BUILT_PRODUCTS_DIR}/Bolts/Bolts.framework",
				"${BUILT_PRODUCTS_DIR}/FBSDKCoreKit/FBSDKCoreKit.framework",
				"${BUILT_PRODUCTS_DIR}/FBSDKLoginKit/FBSDKLoginKit.framework",
				"${BUILT_PRODUCTS_DIR}/FBSDKShareKit/FBSDKShareKit.framework",
			);
			name = "[CP] Embed Pods Frameworks";
			outputFileListPaths = (
			);
			outputPaths = (
				"${TARGET_BUILD_DIR}/${FRAMEWORKS_FOLDER_PATH}/Bolts.framework",
				"${TARGET_BUILD_DIR}/${FRAMEWORKS_FOLDER_PATH}/FBSDKCoreKit.framework",
				"${TARGET_BUILD_DIR}/${FRAMEWORKS_FOLDER_PATH}/FBSDKLoginKit.framework",
				"${TARGET_BUILD_DIR}/${FRAMEWORKS_FOLDER_PATH}/FBSDKShareKit.framework",
			);
			runOnlyForDeploymentPostprocessing = 0;
			shellPath = /bin/sh;
			shellScript = "\"${SRCROOT}/Pods/Target Support Files/Pods-Social Networking for Animals/Pods-Social Networking for Animals-frameworks.sh\"\n";
			showEnvVarsInLog = 0;
		};
		A09D6FEDCE95A9AE126AF510 /* [CP] Check Pods Manifest.lock */ = {
			isa = PBXShellScriptBuildPhase;
			buildActionMask = 2147483647;
			files = (
			);
			inputFileListPaths = (
			);
			inputPaths = (
				"${PODS_PODFILE_DIR_PATH}/Podfile.lock",
				"${PODS_ROOT}/Manifest.lock",
			);
			name = "[CP] Check Pods Manifest.lock";
			outputFileListPaths = (
			);
			outputPaths = (
				"$(DERIVED_FILE_DIR)/Pods-Social Networking for Animals-checkManifestLockResult.txt",
			);
			runOnlyForDeploymentPostprocessing = 0;
			shellPath = /bin/sh;
			shellScript = "diff \"${PODS_PODFILE_DIR_PATH}/Podfile.lock\" \"${PODS_ROOT}/Manifest.lock\" > /dev/null\nif [ $? != 0 ] ; then\n    # print error to STDERR\n    echo \"error: The sandbox is not in sync with the Podfile.lock. Run 'pod install' or update your CocoaPods installation.\" >&2\n    exit 1\nfi\n# This output is used by Xcode 'outputs' to avoid re-running this script phase.\necho \"SUCCESS\" > \"${SCRIPT_OUTPUT_FILE_0}\"\n";
			showEnvVarsInLog = 0;
		};
/* End PBXShellScriptBuildPhase section */

/* Begin PBXSourcesBuildPhase section */
		2F2ADE1E2186F13000BC635D /* Sources */ = {
			isa = PBXSourcesBuildPhase;
			buildActionMask = 2147483647;
			files = (
				2F2ADE252186F13000BC635D /* NotificationService.swift in Sources */,
			);
			runOnlyForDeploymentPostprocessing = 0;
		};
		2F2ADE2E2186F37D00BC635D /* Sources */ = {
			isa = PBXSourcesBuildPhase;
			buildActionMask = 2147483647;
			files = (
				2F2ADE392186F37D00BC635D /* NotificationViewController.swift in Sources */,
			);
			runOnlyForDeploymentPostprocessing = 0;
		};
		2F54EB02217757AB00B62E3E /* Sources */ = {
			isa = PBXSourcesBuildPhase;
			buildActionMask = 2147483647;
			files = (
				2F54EB2D2178ADA700B62E3E /* TakePictureViewController.swift in Sources */,
				2FB3122A217F976C0004F9A4 /* RegisterAccountViewController.swift in Sources */,
				2F19AA7C218101940071C459 /* FeedCollectionViewCell.swift in Sources */,
				2FB31224217F93F60004F9A4 /* LoginManager.swift in Sources */,
				2FB3121A217E53820004F9A4 /* BottomCollection.swift in Sources */,
				2F54EB3221792B9400B62E3E /* TopShelfCollectionViewCell.swift in Sources */,
				2F2ADE1A2186D70500BC635D /* PreviewViewController.swift in Sources */,
				2F36AC6A217DF08E00CA1164 /* APIManager.swift in Sources */,
				2F2ADE152186255100BC635D /* LoadingCollectionViewCell.swift in Sources */,
				2F2ADE122185DC9200BC635D /* PostManager.swift in Sources */,
				2F19AA7F218231ED0071C459 /* PetsViewController.swift in Sources */,
				2F54EB0C217757AB00B62E3E /* ViewController.swift in Sources */,
				2F2ADE182186C4B100BC635D /* DetailsViewController.swift in Sources */,
				2FB31228217F959C0004F9A4 /* RegisterManager.swift in Sources */,
				2F19AA822182320C0071C459 /* PetsCollectionViewCell.swift in Sources */,
				2FB31218217E52230004F9A4 /* TopShelfCollection.swift in Sources */,
				2F2ADE0E2184BB6E00BC635D /* AddPetViewController.swift in Sources */,
				2F54EB3521792E0E00B62E3E /* SearchViewController.swift in Sources */,
				2F54EB12217757AB00B62E3E /* Social_Networking_for_Animals.xcdatamodeld in Sources */,
				2FB31226217F94610004F9A4 /* DataManager.swift in Sources */,
				2F54EB0A217757AB00B62E3E /* AppDelegate.swift in Sources */,
				2F19AA772180DA880071C459 /* FeedViewController.swift in Sources */,
				2F2ADE1D2186F00800BC635D /* SampleNotificationDelegate.swift in Sources */,
				2F54EB26217772B200B62E3E /* LoginViewController.swift in Sources */,
				2F54EB2F2178B06B00B62E3E /* CameraHanndler.swift in Sources */,
				2F54EB23217762E900B62E3E /* IntroViewController.swift in Sources */,
				2FB3121D217E5B6E0004F9A4 /* BottonCollectionViewCell.swift in Sources */,
				2F19AA75217FBBC30071C459 /* StoreManager.swift in Sources */,
				2F36AC6C217DF0E600CA1164 /* Estruturas.swift in Sources */,
				2FB31222217F594E0004F9A4 /* DesignableUITextField.swift in Sources */,
			);
			runOnlyForDeploymentPostprocessing = 0;
		};
/* End PBXSourcesBuildPhase section */

/* Begin PBXTargetDependency section */
		2F2ADE282186F13000BC635D /* PBXTargetDependency */ = {
			isa = PBXTargetDependency;
			target = 2F2ADE212186F13000BC635D /* Service */;
			targetProxy = 2F2ADE272186F13000BC635D /* PBXContainerItemProxy */;
		};
		2F2ADE3F2186F37E00BC635D /* PBXTargetDependency */ = {
			isa = PBXTargetDependency;
			target = 2F2ADE312186F37D00BC635D /* Content */;
			targetProxy = 2F2ADE3E2186F37E00BC635D /* PBXContainerItemProxy */;
		};
/* End PBXTargetDependency section */

/* Begin PBXVariantGroup section */
		2F2ADE3A2186F37E00BC635D /* MainInterface.storyboard */ = {
			isa = PBXVariantGroup;
			children = (
				2F2ADE3B2186F37E00BC635D /* Base */,
			);
			name = MainInterface.storyboard;
			sourceTree = "<group>";
		};
		2F54EB0D217757AB00B62E3E /* Main.storyboard */ = {
			isa = PBXVariantGroup;
			children = (
				2F54EB0E217757AB00B62E3E /* Base */,
			);
			name = Main.storyboard;
			sourceTree = "<group>";
		};
		2F54EB15217757AE00B62E3E /* LaunchScreen.storyboard */ = {
			isa = PBXVariantGroup;
			children = (
				2F54EB16217757AE00B62E3E /* Base */,
			);
			name = LaunchScreen.storyboard;
			sourceTree = "<group>";
		};
/* End PBXVariantGroup section */

/* Begin XCBuildConfiguration section */
		2F2ADE2B2186F13000BC635D /* Debug */ = {
			isa = XCBuildConfiguration;
			buildSettings = {
				CODE_SIGN_STYLE = Automatic;
				DEVELOPMENT_TEAM = MQ922JMCL6;
				INFOPLIST_FILE = Service/Info.plist;
				LD_RUNPATH_SEARCH_PATHS = (
					"$(inherited)",
					"@executable_path/Frameworks",
					"@executable_path/../../Frameworks",
				);
				PRODUCT_BUNDLE_IDENTIFIER = "Paloma-Bispo.Social-Networking-for-Animals.Service";
				PRODUCT_NAME = "$(TARGET_NAME)";
				SKIP_INSTALL = YES;
				SWIFT_VERSION = 4.2;
				TARGETED_DEVICE_FAMILY = "1,2";
			};
			name = Debug;
		};
		2F2ADE2C2186F13000BC635D /* Release */ = {
			isa = XCBuildConfiguration;
			buildSettings = {
				CODE_SIGN_STYLE = Automatic;
				DEVELOPMENT_TEAM = MQ922JMCL6;
				INFOPLIST_FILE = Service/Info.plist;
				LD_RUNPATH_SEARCH_PATHS = (
					"$(inherited)",
					"@executable_path/Frameworks",
					"@executable_path/../../Frameworks",
				);
				PRODUCT_BUNDLE_IDENTIFIER = "Paloma-Bispo.Social-Networking-for-Animals.Service";
				PRODUCT_NAME = "$(TARGET_NAME)";
				SKIP_INSTALL = YES;
				SWIFT_VERSION = 4.2;
				TARGETED_DEVICE_FAMILY = "1,2";
			};
			name = Release;
		};
		2F2ADE422186F37E00BC635D /* Debug */ = {
			isa = XCBuildConfiguration;
			buildSettings = {
				CODE_SIGN_STYLE = Automatic;
				DEVELOPMENT_TEAM = MQ922JMCL6;
				INFOPLIST_FILE = Content/Info.plist;
				LD_RUNPATH_SEARCH_PATHS = (
					"$(inherited)",
					"@executable_path/Frameworks",
					"@executable_path/../../Frameworks",
				);
				PRODUCT_BUNDLE_IDENTIFIER = "Paloma-Bispo.Social-Networking-for-Animals.Content";
				PRODUCT_NAME = "$(TARGET_NAME)";
				SKIP_INSTALL = YES;
				SWIFT_VERSION = 4.2;
				TARGETED_DEVICE_FAMILY = "1,2";
			};
			name = Debug;
		};
		2F2ADE432186F37E00BC635D /* Release */ = {
			isa = XCBuildConfiguration;
			buildSettings = {
				CODE_SIGN_STYLE = Automatic;
				DEVELOPMENT_TEAM = MQ922JMCL6;
				INFOPLIST_FILE = Content/Info.plist;
				LD_RUNPATH_SEARCH_PATHS = (
					"$(inherited)",
					"@executable_path/Frameworks",
					"@executable_path/../../Frameworks",
				);
				PRODUCT_BUNDLE_IDENTIFIER = "Paloma-Bispo.Social-Networking-for-Animals.Content";
				PRODUCT_NAME = "$(TARGET_NAME)";
				SKIP_INSTALL = YES;
				SWIFT_VERSION = 4.2;
				TARGETED_DEVICE_FAMILY = "1,2";
			};
			name = Release;
		};
		2F54EB19217757AE00B62E3E /* Debug */ = {
			isa = XCBuildConfiguration;
			buildSettings = {
				ALWAYS_SEARCH_USER_PATHS = NO;
				CLANG_ANALYZER_NONNULL = YES;
				CLANG_ANALYZER_NUMBER_OBJECT_CONVERSION = YES_AGGRESSIVE;
				CLANG_CXX_LANGUAGE_STANDARD = "gnu++14";
				CLANG_CXX_LIBRARY = "libc++";
				CLANG_ENABLE_MODULES = YES;
				CLANG_ENABLE_OBJC_ARC = YES;
				CLANG_ENABLE_OBJC_WEAK = YES;
				CLANG_WARN_BLOCK_CAPTURE_AUTORELEASING = YES;
				CLANG_WARN_BOOL_CONVERSION = YES;
				CLANG_WARN_COMMA = YES;
				CLANG_WARN_CONSTANT_CONVERSION = YES;
				CLANG_WARN_DEPRECATED_OBJC_IMPLEMENTATIONS = YES;
				CLANG_WARN_DIRECT_OBJC_ISA_USAGE = YES_ERROR;
				CLANG_WARN_DOCUMENTATION_COMMENTS = YES;
				CLANG_WARN_EMPTY_BODY = YES;
				CLANG_WARN_ENUM_CONVERSION = YES;
				CLANG_WARN_INFINITE_RECURSION = YES;
				CLANG_WARN_INT_CONVERSION = YES;
				CLANG_WARN_NON_LITERAL_NULL_CONVERSION = YES;
				CLANG_WARN_OBJC_IMPLICIT_RETAIN_SELF = YES;
				CLANG_WARN_OBJC_LITERAL_CONVERSION = YES;
				CLANG_WARN_OBJC_ROOT_CLASS = YES_ERROR;
				CLANG_WARN_RANGE_LOOP_ANALYSIS = YES;
				CLANG_WARN_STRICT_PROTOTYPES = YES;
				CLANG_WARN_SUSPICIOUS_MOVE = YES;
				CLANG_WARN_UNGUARDED_AVAILABILITY = YES_AGGRESSIVE;
				CLANG_WARN_UNREACHABLE_CODE = YES;
				CLANG_WARN__DUPLICATE_METHOD_MATCH = YES;
				CODE_SIGN_IDENTITY = "iPhone Developer";
				COPY_PHASE_STRIP = NO;
				DEBUG_INFORMATION_FORMAT = dwarf;
				ENABLE_STRICT_OBJC_MSGSEND = YES;
				ENABLE_TESTABILITY = YES;
				GCC_C_LANGUAGE_STANDARD = gnu11;
				GCC_DYNAMIC_NO_PIC = NO;
				GCC_NO_COMMON_BLOCKS = YES;
				GCC_OPTIMIZATION_LEVEL = 0;
				GCC_PREPROCESSOR_DEFINITIONS = (
					"DEBUG=1",
					"$(inherited)",
				);
				GCC_WARN_64_TO_32_BIT_CONVERSION = YES;
				GCC_WARN_ABOUT_RETURN_TYPE = YES_ERROR;
				GCC_WARN_UNDECLARED_SELECTOR = YES;
				GCC_WARN_UNINITIALIZED_AUTOS = YES_AGGRESSIVE;
				GCC_WARN_UNUSED_FUNCTION = YES;
				GCC_WARN_UNUSED_VARIABLE = YES;
				IPHONEOS_DEPLOYMENT_TARGET = 12.0;
				MTL_ENABLE_DEBUG_INFO = INCLUDE_SOURCE;
				MTL_FAST_MATH = YES;
				ONLY_ACTIVE_ARCH = YES;
				SDKROOT = iphoneos;
				SWIFT_ACTIVE_COMPILATION_CONDITIONS = DEBUG;
				SWIFT_OPTIMIZATION_LEVEL = "-Onone";
			};
			name = Debug;
		};
		2F54EB1A217757AE00B62E3E /* Release */ = {
			isa = XCBuildConfiguration;
			buildSettings = {
				ALWAYS_SEARCH_USER_PATHS = NO;
				CLANG_ANALYZER_NONNULL = YES;
				CLANG_ANALYZER_NUMBER_OBJECT_CONVERSION = YES_AGGRESSIVE;
				CLANG_CXX_LANGUAGE_STANDARD = "gnu++14";
				CLANG_CXX_LIBRARY = "libc++";
				CLANG_ENABLE_MODULES = YES;
				CLANG_ENABLE_OBJC_ARC = YES;
				CLANG_ENABLE_OBJC_WEAK = YES;
				CLANG_WARN_BLOCK_CAPTURE_AUTORELEASING = YES;
				CLANG_WARN_BOOL_CONVERSION = YES;
				CLANG_WARN_COMMA = YES;
				CLANG_WARN_CONSTANT_CONVERSION = YES;
				CLANG_WARN_DEPRECATED_OBJC_IMPLEMENTATIONS = YES;
				CLANG_WARN_DIRECT_OBJC_ISA_USAGE = YES_ERROR;
				CLANG_WARN_DOCUMENTATION_COMMENTS = YES;
				CLANG_WARN_EMPTY_BODY = YES;
				CLANG_WARN_ENUM_CONVERSION = YES;
				CLANG_WARN_INFINITE_RECURSION = YES;
				CLANG_WARN_INT_CONVERSION = YES;
				CLANG_WARN_NON_LITERAL_NULL_CONVERSION = YES;
				CLANG_WARN_OBJC_IMPLICIT_RETAIN_SELF = YES;
				CLANG_WARN_OBJC_LITERAL_CONVERSION = YES;
				CLANG_WARN_OBJC_ROOT_CLASS = YES_ERROR;
				CLANG_WARN_RANGE_LOOP_ANALYSIS = YES;
				CLANG_WARN_STRICT_PROTOTYPES = YES;
				CLANG_WARN_SUSPICIOUS_MOVE = YES;
				CLANG_WARN_UNGUARDED_AVAILABILITY = YES_AGGRESSIVE;
				CLANG_WARN_UNREACHABLE_CODE = YES;
				CLANG_WARN__DUPLICATE_METHOD_MATCH = YES;
				CODE_SIGN_IDENTITY = "iPhone Developer";
				COPY_PHASE_STRIP = NO;
				DEBUG_INFORMATION_FORMAT = "dwarf-with-dsym";
				ENABLE_NS_ASSERTIONS = NO;
				ENABLE_STRICT_OBJC_MSGSEND = YES;
				GCC_C_LANGUAGE_STANDARD = gnu11;
				GCC_NO_COMMON_BLOCKS = YES;
				GCC_WARN_64_TO_32_BIT_CONVERSION = YES;
				GCC_WARN_ABOUT_RETURN_TYPE = YES_ERROR;
				GCC_WARN_UNDECLARED_SELECTOR = YES;
				GCC_WARN_UNINITIALIZED_AUTOS = YES_AGGRESSIVE;
				GCC_WARN_UNUSED_FUNCTION = YES;
				GCC_WARN_UNUSED_VARIABLE = YES;
				IPHONEOS_DEPLOYMENT_TARGET = 12.0;
				MTL_ENABLE_DEBUG_INFO = NO;
				MTL_FAST_MATH = YES;
				SDKROOT = iphoneos;
				SWIFT_COMPILATION_MODE = wholemodule;
				SWIFT_OPTIMIZATION_LEVEL = "-O";
				VALIDATE_PRODUCT = YES;
			};
			name = Release;
		};
		2F54EB1C217757AE00B62E3E /* Debug */ = {
			isa = XCBuildConfiguration;
			baseConfigurationReference = 121BB5E8ED84D0493F2A01F7 /* Pods-Social Networking for Animals.debug.xcconfig */;
			buildSettings = {
				ALWAYS_EMBED_SWIFT_STANDARD_LIBRARIES = YES;
				ASSETCATALOG_COMPILER_APPICON_NAME = AppIcon;
				CODE_SIGN_ENTITLEMENTS = "Social Networking for Animals/Social Networking for Animals.entitlements";
				CODE_SIGN_STYLE = Automatic;
				DEVELOPMENT_TEAM = MQ922JMCL6;
				INFOPLIST_FILE = "Social Networking for Animals/Info.plist";
				IPHONEOS_DEPLOYMENT_TARGET = 12.0;
				LD_RUNPATH_SEARCH_PATHS = (
					"$(inherited)",
					"@executable_path/Frameworks",
				);
				PRODUCT_BUNDLE_IDENTIFIER = "Paloma-Bispo.Social-Networking-for-Animals";
				PRODUCT_NAME = "$(TARGET_NAME)";
				SWIFT_VERSION = 4.2;
				TARGETED_DEVICE_FAMILY = "1,2";
			};
			name = Debug;
		};
		2F54EB1D217757AE00B62E3E /* Release */ = {
			isa = XCBuildConfiguration;
			baseConfigurationReference = 44CF88BAB41A6A7437799F09 /* Pods-Social Networking for Animals.release.xcconfig */;
			buildSettings = {
				ALWAYS_EMBED_SWIFT_STANDARD_LIBRARIES = YES;
				ASSETCATALOG_COMPILER_APPICON_NAME = AppIcon;
				CODE_SIGN_ENTITLEMENTS = "Social Networking for Animals/Social Networking for Animals.entitlements";
				CODE_SIGN_STYLE = Automatic;
				DEVELOPMENT_TEAM = MQ922JMCL6;
				INFOPLIST_FILE = "Social Networking for Animals/Info.plist";
				IPHONEOS_DEPLOYMENT_TARGET = 12.0;
				LD_RUNPATH_SEARCH_PATHS = (
					"$(inherited)",
					"@executable_path/Frameworks",
				);
				PRODUCT_BUNDLE_IDENTIFIER = "Paloma-Bispo.Social-Networking-for-Animals";
				PRODUCT_NAME = "$(TARGET_NAME)";
				SWIFT_VERSION = 4.2;
				TARGETED_DEVICE_FAMILY = "1,2";
			};
			name = Release;
		};
/* End XCBuildConfiguration section */

/* Begin XCConfigurationList section */
		2F2ADE2A2186F13000BC635D /* Build configuration list for PBXNativeTarget "Service" */ = {
			isa = XCConfigurationList;
			buildConfigurations = (
				2F2ADE2B2186F13000BC635D /* Debug */,
				2F2ADE2C2186F13000BC635D /* Release */,
			);
			defaultConfigurationIsVisible = 0;
			defaultConfigurationName = Release;
		};
		2F2ADE412186F37E00BC635D /* Build configuration list for PBXNativeTarget "Content" */ = {
			isa = XCConfigurationList;
			buildConfigurations = (
				2F2ADE422186F37E00BC635D /* Debug */,
				2F2ADE432186F37E00BC635D /* Release */,
			);
			defaultConfigurationIsVisible = 0;
			defaultConfigurationName = Release;
		};
		2F54EB01217757AB00B62E3E /* Build configuration list for PBXProject "Social Networking for Animals" */ = {
			isa = XCConfigurationList;
			buildConfigurations = (
				2F54EB19217757AE00B62E3E /* Debug */,
				2F54EB1A217757AE00B62E3E /* Release */,
			);
			defaultConfigurationIsVisible = 0;
			defaultConfigurationName = Release;
		};
		2F54EB1B217757AE00B62E3E /* Build configuration list for PBXNativeTarget "Social Networking for Animals" */ = {
			isa = XCConfigurationList;
			buildConfigurations = (
				2F54EB1C217757AE00B62E3E /* Debug */,
				2F54EB1D217757AE00B62E3E /* Release */,
			);
			defaultConfigurationIsVisible = 0;
			defaultConfigurationName = Release;
		};
/* End XCConfigurationList section */

/* Begin XCVersionGroup section */
		2F54EB10217757AB00B62E3E /* Social_Networking_for_Animals.xcdatamodeld */ = {
			isa = XCVersionGroup;
			children = (
				2F54EB11217757AB00B62E3E /* Social_Networking_for_Animals.xcdatamodel */,
			);
			currentVersion = 2F54EB11217757AB00B62E3E /* Social_Networking_for_Animals.xcdatamodel */;
			path = Social_Networking_for_Animals.xcdatamodeld;
			sourceTree = "<group>";
			versionGroupType = wrapper.xcdatamodel;
		};
/* End XCVersionGroup section */
	};
	rootObject = 2F54EAFE217757AB00B62E3E /* Project object */;
}
